
Microsoft Visual Studio Solution File, Format Version 12.00
# Visual Studio Version 17
VisualStudioVersion = 17.13.35919.96 d17.13
MinimumVisualStudioVersion = 10.0.40219.1
Project("{FAE04EC0-301F-11D3-BF4B-00C04F79EFBC}") = "SistemaGestionMascotas", "SistemaGestionMascotas.csproj", "{C897985C-AE68-4190-979A-9A830FA5CC2F}"
EndProject
Project("{FAE04EC0-301F-11D3-BF4B-00C04F79EFBC}") = "DAL", "..\DAL\DAL.csproj", "{904F92DB-5FAC-4666-8501-008DDB990BFC}"
EndProject
Project("{FAE04EC0-301F-11D3-BF4B-00C04F79EFBC}") = "BLL", "..\BLL\BLL.csproj", "{292C9695-5A69-4F53-B22D-B5C507B904CD}"
EndProject
Project("{FAE04EC0-301F-11D3-BF4B-00C04F79EFBC}") = "Entity", "..\Entity\Entity.csproj", "{442B8286-85AA-4C76-A8A6-F8E530FEDDB4}"
EndProject
Global
	GlobalSection(SolutionConfigurationPlatforms) = preSolution
		Debug|Any CPU = Debug|Any CPU
		Release|Any CPU = Release|Any CPU
	EndGlobalSection
	GlobalSection(ProjectConfigurationPlatforms) = postSolution
		{C897985C-AE68-4190-979A-9A830FA5CC2F}.Debug|Any CPU.ActiveCfg = Debug|Any CPU
		{C897985C-AE68-4190-979A-9A830FA5CC2F}.Debug|Any CPU.Build.0 = Debug|Any CPU
		{C897985C-AE68-4190-979A-9A830FA5CC2F}.Release|Any CPU.ActiveCfg = Release|Any CPU
		{C897985C-AE68-4190-979A-9A830FA5CC2F}.Release|Any CPU.Build.0 = Release|Any CPU
		{904F92DB-5FAC-4666-8501-008DDB990BFC}.Debug|Any CPU.ActiveCfg = Debug|Any CPU
		{904F92DB-5FAC-4666-8501-008DDB990BFC}.Debug|Any CPU.Build.0 = Debug|Any CPU
		{904F92DB-5FAC-4666-8501-008DDB990BFC}.Release|Any CPU.ActiveCfg = Release|Any CPU
		{904F92DB-5FAC-4666-8501-008DDB990BFC}.Release|Any CPU.Build.0 = Release|Any CPU
		{292C9695-5A69-4F53-B22D-B5C507B904CD}.Debug|Any CPU.ActiveCfg = Debug|Any CPU
		{292C9695-5A69-4F53-B22D-B5C507B904CD}.Debug|Any CPU.Build.0 = Debug|Any CPU
		{292C9695-5A69-4F53-B22D-B5C507B904CD}.Release|Any CPU.ActiveCfg = Release|Any CPU
		{292C9695-5A69-4F53-B22D-B5C507B904CD}.Release|Any CPU.Build.0 = Release|Any CPU
		{442B8286-85AA-4C76-A8A6-F8E530FEDDB4}.Debug|Any CPU.ActiveCfg = Debug|Any CPU
		{442B8286-85AA-4C76-A8A6-F8E530FEDDB4}.Debug|Any CPU.Build.0 = Debug|Any CPU
		{442B8286-85AA-4C76-A8A6-F8E530FEDDB4}.Release|Any CPU.ActiveCfg = Release|Any CPU
		{442B8286-85AA-4C76-A8A6-F8E530FEDDB4}.Release|Any CPU.Build.0 = Release|Any CPU
	EndGlobalSection
	GlobalSection(SolutionProperties) = preSolution
		HideSolutionNode = FALSE
	EndGlobalSection
	GlobalSection(ExtensibilityGlobals) = postSolution
		SolutionGuid = {2E2B735A-05EC-44AE-A6C8-694592319AAA}
	EndGlobalSection
EndGlobal
